// !$*UTF8*$!
{
	archiveVersion = 1;
	classes = {
	};
	objectVersion = 55;
	objects = {

/* Begin PBXBuildFile section */
		DB2E9F8B29629512005AB366 /* DevoteApp.swift in Sources */ = {isa = PBXBuildFile; fileRef = DB2E9F8A29629512005AB366 /* DevoteApp.swift */; };
		DB2E9F8D29629512005AB366 /* ContentView.swift in Sources */ = {isa = PBXBuildFile; fileRef = DB2E9F8C29629512005AB366 /* ContentView.swift */; };
		DB2E9F8F29629517005AB366 /* Assets.xcassets in Resources */ = {isa = PBXBuildFile; fileRef = DB2E9F8E29629517005AB366 /* Assets.xcassets */; };
		DB2E9F9229629517005AB366 /* Preview Assets.xcassets in Resources */ = {isa = PBXBuildFile; fileRef = DB2E9F9129629517005AB366 /* Preview Assets.xcassets */; };
		DB2E9F9429629517005AB366 /* Persistence.swift in Sources */ = {isa = PBXBuildFile; fileRef = DB2E9F9329629517005AB366 /* Persistence.swift */; };
		DB2E9F9729629517005AB366 /* Devote.xcdatamodeld in Sources */ = {isa = PBXBuildFile; fileRef = DB2E9F9529629517005AB366 /* Devote.xcdatamodeld */; };
		DB2E9FA229629661005AB366 /* sound-rise.mp3 in Resources */ = {isa = PBXBuildFile; fileRef = DB2E9F9F29629660005AB366 /* sound-rise.mp3 */; };
		DB2E9FA329629661005AB366 /* sound-tap.mp3 in Resources */ = {isa = PBXBuildFile; fileRef = DB2E9FA029629660005AB366 /* sound-tap.mp3 */; };
		DB2E9FA429629661005AB366 /* sound-ding.mp3 in Resources */ = {isa = PBXBuildFile; fileRef = DB2E9FA129629661005AB366 /* sound-ding.mp3 */; };
		DB2E9FB12962A711005AB366 /* Constant.swift in Sources */ = {isa = PBXBuildFile; fileRef = DB2E9FB02962A711005AB366 /* Constant.swift */; };
		DB2E9FB32962B224005AB366 /* HideKeyboard.swift in Sources */ = {isa = PBXBuildFile; fileRef = DB2E9FB22962B224005AB366 /* HideKeyboard.swift */; };
		DB2E9FB52962BE20005AB366 /* BackgroundImageView.swift in Sources */ = {isa = PBXBuildFile; fileRef = DB2E9FB42962BE20005AB366 /* BackgroundImageView.swift */; };
		DB2E9FB72962BF5F005AB366 /* NewTaskItemView.swift in Sources */ = {isa = PBXBuildFile; fileRef = DB2E9FB62962BF5F005AB366 /* NewTaskItemView.swift */; };
		DB2E9FB92962D624005AB366 /* BlankView.swift in Sources */ = {isa = PBXBuildFile; fileRef = DB2E9FB82962D624005AB366 /* BlankView.swift */; };
		DB2E9FBB2962FB1F005AB366 /* ListRowItemView.swift in Sources */ = {isa = PBXBuildFile; fileRef = DB2E9FBA2962FB1F005AB366 /* ListRowItemView.swift */; };
		DB2E9FBD296303B9005AB366 /* CheckboxStyle.swift in Sources */ = {isa = PBXBuildFile; fileRef = DB2E9FBC296303B9005AB366 /* CheckboxStyle.swift */; };
		DB2E9FBF29630D82005AB366 /* SoundPlayer.swift in Sources */ = {isa = PBXBuildFile; fileRef = DB2E9FBE29630D82005AB366 /* SoundPlayer.swift */; };
		DB991F5E29632DE80081CB08 /* WidgetKit.framework in Frameworks */ = {isa = PBXBuildFile; fileRef = DB991F5D29632DE80081CB08 /* WidgetKit.framework */; };
		DB991F6029632DE80081CB08 /* SwiftUI.framework in Frameworks */ = {isa = PBXBuildFile; fileRef = DB991F5F29632DE80081CB08 /* SwiftUI.framework */; };
		DB991F6329632DE80081CB08 /* DevoteWidget.swift in Sources */ = {isa = PBXBuildFile; fileRef = DB991F6229632DE80081CB08 /* DevoteWidget.swift */; };
		DB991F6529632DEC0081CB08 /* Assets.xcassets in Resources */ = {isa = PBXBuildFile; fileRef = DB991F6429632DEC0081CB08 /* Assets.xcassets */; };
		DB991F6929632DEC0081CB08 /* DevoteWidgetExtension.appex in Embed App Extensions */ = {isa = PBXBuildFile; fileRef = DB991F5B29632DE80081CB08 /* DevoteWidgetExtension.appex */; settings = {ATTRIBUTES = (RemoveHeadersOnCopy, ); }; };
		DB991F6E296338E90081CB08 /* Assets.xcassets in Resources */ = {isa = PBXBuildFile; fileRef = DB2E9F8E29629517005AB366 /* Assets.xcassets */; };
		DB991F6F296339620081CB08 /* Constant.swift in Sources */ = {isa = PBXBuildFile; fileRef = DB2E9FB02962A711005AB366 /* Constant.swift */; };
/* End PBXBuildFile section */

/* Begin PBXContainerItemProxy section */
		DB991F6729632DEC0081CB08 /* PBXContainerItemProxy */ = {
			isa = PBXContainerItemProxy;
			containerPortal = DB2E9F7F29629512005AB366 /* Project object */;
			proxyType = 1;
			remoteGlobalIDString = DB991F5A29632DE80081CB08;
			remoteInfo = DevoteWidgetExtension;
		};
/* End PBXContainerItemProxy section */

/* Begin PBXCopyFilesBuildPhase section */
		DB991F6A29632DEC0081CB08 /* Embed App Extensions */ = {
			isa = PBXCopyFilesBuildPhase;
			buildActionMask = 2147483647;
			dstPath = "";
			dstSubfolderSpec = 13;
			files = (
				DB991F6929632DEC0081CB08 /* DevoteWidgetExtension.appex in Embed App Extensions */,
			);
			name = "Embed App Extensions";
			runOnlyForDeploymentPostprocessing = 0;
		};
/* End PBXCopyFilesBuildPhase section */

/* Begin PBXFileReference section */
		DB2E9F8729629512005AB366 /* Devote.app */ = {isa = PBXFileReference; explicitFileType = wrapper.application; includeInIndex = 0; path = Devote.app; sourceTree = BUILT_PRODUCTS_DIR; };
		DB2E9F8A29629512005AB366 /* DevoteApp.swift */ = {isa = PBXFileReference; lastKnownFileType = sourcecode.swift; path = DevoteApp.swift; sourceTree = "<group>"; };
		DB2E9F8C29629512005AB366 /* ContentView.swift */ = {isa = PBXFileReference; lastKnownFileType = sourcecode.swift; path = ContentView.swift; sourceTree = "<group>"; };
		DB2E9F8E29629517005AB366 /* Assets.xcassets */ = {isa = PBXFileReference; lastKnownFileType = folder.assetcatalog; path = Assets.xcassets; sourceTree = "<group>"; };
		DB2E9F9129629517005AB366 /* Preview Assets.xcassets */ = {isa = PBXFileReference; lastKnownFileType = folder.assetcatalog; path = "Preview Assets.xcassets"; sourceTree = "<group>"; };
		DB2E9F9329629517005AB366 /* Persistence.swift */ = {isa = PBXFileReference; lastKnownFileType = sourcecode.swift; path = Persistence.swift; sourceTree = "<group>"; };
		DB2E9F9629629517005AB366 /* Devote.xcdatamodel */ = {isa = PBXFileReference; lastKnownFileType = wrapper.xcdatamodel; path = Devote.xcdatamodel; sourceTree = "<group>"; };
		DB2E9F9F29629660005AB366 /* sound-rise.mp3 */ = {isa = PBXFileReference; lastKnownFileType = audio.mp3; path = "sound-rise.mp3"; sourceTree = "<group>"; };
		DB2E9FA029629660005AB366 /* sound-tap.mp3 */ = {isa = PBXFileReference; lastKnownFileType = audio.mp3; path = "sound-tap.mp3"; sourceTree = "<group>"; };
		DB2E9FA129629661005AB366 /* sound-ding.mp3 */ = {isa = PBXFileReference; lastKnownFileType = audio.mp3; path = "sound-ding.mp3"; sourceTree = "<group>"; };
		DB2E9FAB29629870005AB366 /* Info.plist */ = {isa = PBXFileReference; lastKnownFileType = text.plist; path = Info.plist; sourceTree = "<group>"; };
		DB2E9FB02962A711005AB366 /* Constant.swift */ = {isa = PBXFileReference; lastKnownFileType = sourcecode.swift; path = Constant.swift; sourceTree = "<group>"; };
		DB2E9FB22962B224005AB366 /* HideKeyboard.swift */ = {isa = PBXFileReference; lastKnownFileType = sourcecode.swift; name = HideKeyboard.swift; path = Devote/View/HideKeyboard.swift; sourceTree = SOURCE_ROOT; };
		DB2E9FB42962BE20005AB366 /* BackgroundImageView.swift */ = {isa = PBXFileReference; lastKnownFileType = sourcecode.swift; path = BackgroundImageView.swift; sourceTree = "<group>"; };
		DB2E9FB62962BF5F005AB366 /* NewTaskItemView.swift */ = {isa = PBXFileReference; lastKnownFileType = sourcecode.swift; path = NewTaskItemView.swift; sourceTree = "<group>"; };
		DB2E9FB82962D624005AB366 /* BlankView.swift */ = {isa = PBXFileReference; lastKnownFileType = sourcecode.swift; path = BlankView.swift; sourceTree = "<group>"; };
		DB2E9FBA2962FB1F005AB366 /* ListRowItemView.swift */ = {isa = PBXFileReference; lastKnownFileType = sourcecode.swift; path = ListRowItemView.swift; sourceTree = "<group>"; };
		DB2E9FBC296303B9005AB366 /* CheckboxStyle.swift */ = {isa = PBXFileReference; lastKnownFileType = sourcecode.swift; name = CheckboxStyle.swift; path = Devote/View/CheckboxStyle.swift; sourceTree = SOURCE_ROOT; };
		DB2E9FBE29630D82005AB366 /* SoundPlayer.swift */ = {isa = PBXFileReference; lastKnownFileType = sourcecode.swift; path = SoundPlayer.swift; sourceTree = SOURCE_ROOT; };
		DB991F5B29632DE80081CB08 /* DevoteWidgetExtension.appex */ = {isa = PBXFileReference; explicitFileType = "wrapper.app-extension"; includeInIndex = 0; path = DevoteWidgetExtension.appex; sourceTree = BUILT_PRODUCTS_DIR; };
		DB991F5D29632DE80081CB08 /* WidgetKit.framework */ = {isa = PBXFileReference; lastKnownFileType = wrapper.framework; name = WidgetKit.framework; path = System/Library/Frameworks/WidgetKit.framework; sourceTree = SDKROOT; };
		DB991F5F29632DE80081CB08 /* SwiftUI.framework */ = {isa = PBXFileReference; lastKnownFileType = wrapper.framework; name = SwiftUI.framework; path = System/Library/Frameworks/SwiftUI.framework; sourceTree = SDKROOT; };
		DB991F6229632DE80081CB08 /* DevoteWidget.swift */ = {isa = PBXFileReference; lastKnownFileType = sourcecode.swift; path = DevoteWidget.swift; sourceTree = "<group>"; };
		DB991F6429632DEC0081CB08 /* Assets.xcassets */ = {isa = PBXFileReference; lastKnownFileType = folder.assetcatalog; path = Assets.xcassets; sourceTree = "<group>"; };
		DB991F6629632DEC0081CB08 /* Info.plist */ = {isa = PBXFileReference; lastKnownFileType = text.plist.xml; path = Info.plist; sourceTree = "<group>"; };
/* End PBXFileReference section */

/* Begin PBXFrameworksBuildPhase section */
		DB2E9F8429629512005AB366 /* Frameworks */ = {
			isa = PBXFrameworksBuildPhase;
			buildActionMask = 2147483647;
			files = (
			);
			runOnlyForDeploymentPostprocessing = 0;
		};
		DB991F5829632DE80081CB08 /* Frameworks */ = {
			isa = PBXFrameworksBuildPhase;
			buildActionMask = 2147483647;
			files = (
				DB991F6029632DE80081CB08 /* SwiftUI.framework in Frameworks */,
				DB991F5E29632DE80081CB08 /* WidgetKit.framework in Frameworks */,
			);
			runOnlyForDeploymentPostprocessing = 0;
		};
/* End PBXFrameworksBuildPhase section */

/* Begin PBXGroup section */
		DB2E9F7E29629512005AB366 = {
			isa = PBXGroup;
			children = (
				DB2E9F8929629512005AB366 /* Devote */,
				DB991F6129632DE80081CB08 /* DevoteWidget */,
				DB991F5C29632DE80081CB08 /* Frameworks */,
				DB2E9F8829629512005AB366 /* Products */,
			);
			sourceTree = "<group>";
		};
		DB2E9F8829629512005AB366 /* Products */ = {
			isa = PBXGroup;
			children = (
				DB2E9F8729629512005AB366 /* Devote.app */,
				DB991F5B29632DE80081CB08 /* DevoteWidgetExtension.appex */,
			);
			name = Products;
			sourceTree = "<group>";
		};
		DB2E9F8929629512005AB366 /* Devote */ = {
			isa = PBXGroup;
			children = (
				DB2E9FAB29629870005AB366 /* Info.plist */,
				DB2E9F8A29629512005AB366 /* DevoteApp.swift */,
				DB2E9FA629629684005AB366 /* View */,
				DB2E9FAA296296BF005AB366 /* Model */,
				DB2E9FA9296296A0005AB366 /* Utility */,
				DB2E9FA829629697005AB366 /* Style */,
				DB2E9FA72962968D005AB366 /* Extension */,
				DB2E9FA529629665005AB366 /* Sounds */,
				DB2E9F8E29629517005AB366 /* Assets.xcassets */,
				DB2E9F9029629517005AB366 /* Preview Content */,
			);
			path = Devote;
			sourceTree = "<group>";
		};
		DB2E9F9029629517005AB366 /* Preview Content */ = {
			isa = PBXGroup;
			children = (
				DB2E9F9129629517005AB366 /* Preview Assets.xcassets */,
			);
			path = "Preview Content";
			sourceTree = "<group>";
		};
		DB2E9FA529629665005AB366 /* Sounds */ = {
			isa = PBXGroup;
			children = (
				DB2E9FA129629661005AB366 /* sound-ding.mp3 */,
				DB2E9F9F29629660005AB366 /* sound-rise.mp3 */,
				DB2E9FA029629660005AB366 /* sound-tap.mp3 */,
			);
			path = Sounds;
			sourceTree = "<group>";
		};
		DB2E9FA629629684005AB366 /* View */ = {
			isa = PBXGroup;
			children = (
				DB2E9F8C29629512005AB366 /* ContentView.swift */,
				DB2E9FB82962D624005AB366 /* BlankView.swift */,
				DB2E9FB62962BF5F005AB366 /* NewTaskItemView.swift */,
				DB2E9FBA2962FB1F005AB366 /* ListRowItemView.swift */,
				DB2E9FB42962BE20005AB366 /* BackgroundImageView.swift */,
			);
			path = View;
			sourceTree = "<group>";
		};
		DB2E9FA72962968D005AB366 /* Extension */ = {
			isa = PBXGroup;
			children = (
				DB2E9FB22962B224005AB366 /* HideKeyboard.swift */,
			);
			path = Extension;
			sourceTree = "<group>";
		};
		DB2E9FA829629697005AB366 /* Style */ = {
			isa = PBXGroup;
			children = (
				DB2E9FBC296303B9005AB366 /* CheckboxStyle.swift */,
			);
			path = Style;
			sourceTree = "<group>";
		};
		DB2E9FA9296296A0005AB366 /* Utility */ = {
			isa = PBXGroup;
			children = (
				DB2E9FBE29630D82005AB366 /* SoundPlayer.swift */,
				DB2E9FB02962A711005AB366 /* Constant.swift */,
			);
			path = Utility;
			sourceTree = "<group>";
		};
		DB2E9FAA296296BF005AB366 /* Model */ = {
			isa = PBXGroup;
			children = (
				DB2E9F9329629517005AB366 /* Persistence.swift */,
				DB2E9F9529629517005AB366 /* Devote.xcdatamodeld */,
			);
			path = Model;
			sourceTree = "<group>";
		};
		DB991F5C29632DE80081CB08 /* Frameworks */ = {
			isa = PBXGroup;
			children = (
				DB991F5D29632DE80081CB08 /* WidgetKit.framework */,
				DB991F5F29632DE80081CB08 /* SwiftUI.framework */,
			);
			name = Frameworks;
			sourceTree = "<group>";
		};
		DB991F6129632DE80081CB08 /* DevoteWidget */ = {
			isa = PBXGroup;
			children = (
				DB991F6229632DE80081CB08 /* DevoteWidget.swift */,
				DB991F6429632DEC0081CB08 /* Assets.xcassets */,
				DB991F6629632DEC0081CB08 /* Info.plist */,
			);
			path = DevoteWidget;
			sourceTree = "<group>";
		};
/* End PBXGroup section */

/* Begin PBXNativeTarget section */
		DB2E9F8629629512005AB366 /* Devote */ = {
			isa = PBXNativeTarget;
			buildConfigurationList = DB2E9F9A29629517005AB366 /* Build configuration list for PBXNativeTarget "Devote" */;
			buildPhases = (
				DB2E9F8329629512005AB366 /* Sources */,
				DB2E9F8429629512005AB366 /* Frameworks */,
				DB2E9F8529629512005AB366 /* Resources */,
				DB991F6A29632DEC0081CB08 /* Embed App Extensions */,
			);
			buildRules = (
			);
			dependencies = (
				DB991F6829632DEC0081CB08 /* PBXTargetDependency */,
			);
			name = Devote;
			productName = Devote;
			productReference = DB2E9F8729629512005AB366 /* Devote.app */;
			productType = "com.apple.product-type.application";
		};
		DB991F5A29632DE80081CB08 /* DevoteWidgetExtension */ = {
			isa = PBXNativeTarget;
			buildConfigurationList = DB991F6D29632DEC0081CB08 /* Build configuration list for PBXNativeTarget "DevoteWidgetExtension" */;
			buildPhases = (
				DB991F5729632DE80081CB08 /* Sources */,
				DB991F5829632DE80081CB08 /* Frameworks */,
				DB991F5929632DE80081CB08 /* Resources */,
			);
			buildRules = (
			);
			dependencies = (
			);
			name = DevoteWidgetExtension;
			productName = DevoteWidgetExtension;
			productReference = DB991F5B29632DE80081CB08 /* DevoteWidgetExtension.appex */;
			productType = "com.apple.product-type.app-extension";
		};
/* End PBXNativeTarget section */

/* Begin PBXProject section */
		DB2E9F7F29629512005AB366 /* Project object */ = {
			isa = PBXProject;
			attributes = {
				BuildIndependentTargetsInParallel = 1;
				LastSwiftUpdateCheck = 1340;
				LastUpgradeCheck = 1340;
				TargetAttributes = {
					DB2E9F8629629512005AB366 = {
						CreatedOnToolsVersion = 13.4.1;
					};
					DB991F5A29632DE80081CB08 = {
						CreatedOnToolsVersion = 13.4.1;
					};
				};
			};
			buildConfigurationList = DB2E9F8229629512005AB366 /* Build configuration list for PBXProject "Devote" */;
			compatibilityVersion = "Xcode 13.0";
			developmentRegion = en;
			hasScannedForEncodings = 0;
			knownRegions = (
				en,
				Base,
			);
			mainGroup = DB2E9F7E29629512005AB366;
			productRefGroup = DB2E9F8829629512005AB366 /* Products */;
			projectDirPath = "";
			projectRoot = "";
			targets = (
				DB2E9F8629629512005AB366 /* Devote */,
				DB991F5A29632DE80081CB08 /* DevoteWidgetExtension */,
			);
		};
/* End PBXProject section */

/* Begin PBXResourcesBuildPhase section */
		DB2E9F8529629512005AB366 /* Resources */ = {
			isa = PBXResourcesBuildPhase;
			buildActionMask = 2147483647;
			files = (
				DB2E9FA429629661005AB366 /* sound-ding.mp3 in Resources */,
				DB2E9FA229629661005AB366 /* sound-rise.mp3 in Resources */,
				DB2E9F9229629517005AB366 /* Preview Assets.xcassets in Resources */,
				DB2E9FA329629661005AB366 /* sound-tap.mp3 in Resources */,
				DB2E9F8F29629517005AB366 /* Assets.xcassets in Resources */,
			);
			runOnlyForDeploymentPostprocessing = 0;
		};
		DB991F5929632DE80081CB08 /* Resources */ = {
			isa = PBXResourcesBuildPhase;
			buildActionMask = 2147483647;
			files = (
				DB991F6E296338E90081CB08 /* Assets.xcassets in Resources */,
				DB991F6529632DEC0081CB08 /* Assets.xcassets in Resources */,
			);
			runOnlyForDeploymentPostprocessing = 0;
		};
/* End PBXResourcesBuildPhase section */

/* Begin PBXSourcesBuildPhase section */
		DB2E9F8329629512005AB366 /* Sources */ = {
			isa = PBXSourcesBuildPhase;
			buildActionMask = 2147483647;
			files = (
				DB2E9F9429629517005AB366 /* Persistence.swift in Sources */,
				DB2E9FB52962BE20005AB366 /* BackgroundImageView.swift in Sources */,
				DB2E9F8D29629512005AB366 /* ContentView.swift in Sources */,
				DB2E9FB12962A711005AB366 /* Constant.swift in Sources */,
				DB2E9FB92962D624005AB366 /* BlankView.swift in Sources */,
				DB2E9F9729629517005AB366 /* Devote.xcdatamodeld in Sources */,
				DB2E9FBB2962FB1F005AB366 /* ListRowItemView.swift in Sources */,
				DB2E9FB32962B224005AB366 /* HideKeyboard.swift in Sources */,
				DB2E9F8B29629512005AB366 /* DevoteApp.swift in Sources */,
				DB2E9FBD296303B9005AB366 /* CheckboxStyle.swift in Sources */,
				DB2E9FBF29630D82005AB366 /* SoundPlayer.swift in Sources */,
				DB2E9FB72962BF5F005AB366 /* NewTaskItemView.swift in Sources */,
			);
			runOnlyForDeploymentPostprocessing = 0;
		};
		DB991F5729632DE80081CB08 /* Sources */ = {
			isa = PBXSourcesBuildPhase;
			buildActionMask = 2147483647;
			files = (
				DB991F6329632DE80081CB08 /* DevoteWidget.swift in Sources */,
				DB991F6F296339620081CB08 /* Constant.swift in Sources */,
			);
			runOnlyForDeploymentPostprocessing = 0;
		};
/* End PBXSourcesBuildPhase section */

/* Begin PBXTargetDependency section */
		DB991F6829632DEC0081CB08 /* PBXTargetDependency */ = {
			isa = PBXTargetDependency;
			target = DB991F5A29632DE80081CB08 /* DevoteWidgetExtension */;
			targetProxy = DB991F6729632DEC0081CB08 /* PBXContainerItemProxy */;
		};
/* End PBXTargetDependency section */

/* Begin XCBuildConfiguration section */
		DB2E9F9829629517005AB366 /* Debug */ = {
			isa = XCBuildConfiguration;
			buildSettings = {
				ALWAYS_SEARCH_USER_PATHS = NO;
				CLANG_ANALYZER_NONNULL = YES;
				CLANG_ANALYZER_NUMBER_OBJECT_CONVERSION = YES_AGGRESSIVE;
				CLANG_CXX_LANGUAGE_STANDARD = "gnu++17";
				CLANG_ENABLE_MODULES = YES;
				CLANG_ENABLE_OBJC_ARC = YES;
				CLANG_ENABLE_OBJC_WEAK = YES;
				CLANG_WARN_BLOCK_CAPTURE_AUTORELEASING = YES;
				CLANG_WARN_BOOL_CONVERSION = YES;
				CLANG_WARN_COMMA = YES;
				CLANG_WARN_CONSTANT_CONVERSION = YES;
				CLANG_WARN_DEPRECATED_OBJC_IMPLEMENTATIONS = YES;
				CLANG_WARN_DIRECT_OBJC_ISA_USAGE = YES_ERROR;
				CLANG_WARN_DOCUMENTATION_COMMENTS = YES;
				CLANG_WARN_EMPTY_BODY = YES;
				CLANG_WARN_ENUM_CONVERSION = YES;
				CLANG_WARN_INFINITE_RECURSION = YES;
				CLANG_WARN_INT_CONVERSION = YES;
				CLANG_WARN_NON_LITERAL_NULL_CONVERSION = YES;
				CLANG_WARN_OBJC_IMPLICIT_RETAIN_SELF = YES;
				CLANG_WARN_OBJC_LITERAL_CONVERSION = YES;
				CLANG_WARN_OBJC_ROOT_CLASS = YES_ERROR;
				CLANG_WARN_QUOTED_INCLUDE_IN_FRAMEWORK_HEADER = YES;
				CLANG_WARN_RANGE_LOOP_ANALYSIS = YES;
				CLANG_WARN_STRICT_PROTOTYPES = YES;
				CLANG_WARN_SUSPICIOUS_MOVE = YES;
				CLANG_WARN_UNGUARDED_AVAILABILITY = YES_AGGRESSIVE;
				CLANG_WARN_UNREACHABLE_CODE = YES;
				CLANG_WARN__DUPLICATE_METHOD_MATCH = YES;
				COPY_PHASE_STRIP = NO;
				DEBUG_INFORMATION_FORMAT = dwarf;
				ENABLE_STRICT_OBJC_MSGSEND = YES;
				ENABLE_TESTABILITY = YES;
				GCC_C_LANGUAGE_STANDARD = gnu11;
				GCC_DYNAMIC_NO_PIC = NO;
				GCC_NO_COMMON_BLOCKS = YES;
				GCC_OPTIMIZATION_LEVEL = 0;
				GCC_PREPROCESSOR_DEFINITIONS = (
					"DEBUG=1",
					"$(inherited)",
				);
				GCC_WARN_64_TO_32_BIT_CONVERSION = YES;
				GCC_WARN_ABOUT_RETURN_TYPE = YES_ERROR;
				GCC_WARN_UNDECLARED_SELECTOR = YES;
				GCC_WARN_UNINITIALIZED_AUTOS = YES_AGGRESSIVE;
				GCC_WARN_UNUSED_FUNCTION = YES;
				GCC_WARN_UNUSED_VARIABLE = YES;
				IPHONEOS_DEPLOYMENT_TARGET = 15.5;
				MTL_ENABLE_DEBUG_INFO = INCLUDE_SOURCE;
				MTL_FAST_MATH = YES;
				ONLY_ACTIVE_ARCH = YES;
				SDKROOT = iphoneos;
				SWIFT_ACTIVE_COMPILATION_CONDITIONS = DEBUG;
				SWIFT_OPTIMIZATION_LEVEL = "-Onone";
			};
			name = Debug;
		};
		DB2E9F9929629517005AB366 /* Release */ = {
			isa = XCBuildConfiguration;
			buildSettings = {
				ALWAYS_SEARCH_USER_PATHS = NO;
				CLANG_ANALYZER_NONNULL = YES;
				CLANG_ANALYZER_NUMBER_OBJECT_CONVERSION = YES_AGGRESSIVE;
				CLANG_CXX_LANGUAGE_STANDARD = "gnu++17";
				CLANG_ENABLE_MODULES = YES;
				CLANG_ENABLE_OBJC_ARC = YES;
				CLANG_ENABLE_OBJC_WEAK = YES;
				CLANG_WARN_BLOCK_CAPTURE_AUTORELEASING = YES;
				CLANG_WARN_BOOL_CONVERSION = YES;
				CLANG_WARN_COMMA = YES;
				CLANG_WARN_CONSTANT_CONVERSION = YES;
				CLANG_WARN_DEPRECATED_OBJC_IMPLEMENTATIONS = YES;
				CLANG_WARN_DIRECT_OBJC_ISA_USAGE = YES_ERROR;
				CLANG_WARN_DOCUMENTATION_COMMENTS = YES;
				CLANG_WARN_EMPTY_BODY = YES;
				CLANG_WARN_ENUM_CONVERSION = YES;
				CLANG_WARN_INFINITE_RECURSION = YES;
				CLANG_WARN_INT_CONVERSION = YES;
				CLANG_WARN_NON_LITERAL_NULL_CONVERSION = YES;
				CLANG_WARN_OBJC_IMPLICIT_RETAIN_SELF = YES;
				CLANG_WARN_OBJC_LITERAL_CONVERSION = YES;
				CLANG_WARN_OBJC_ROOT_CLASS = YES_ERROR;
				CLANG_WARN_QUOTED_INCLUDE_IN_FRAMEWORK_HEADER = YES;
				CLANG_WARN_RANGE_LOOP_ANALYSIS = YES;
				CLANG_WARN_STRICT_PROTOTYPES = YES;
				CLANG_WARN_SUSPICIOUS_MOVE = YES;
				CLANG_WARN_UNGUARDED_AVAILABILITY = YES_AGGRESSIVE;
				CLANG_WARN_UNREACHABLE_CODE = YES;
				CLANG_WARN__DUPLICATE_METHOD_MATCH = YES;
				COPY_PHASE_STRIP = NO;
				DEBUG_INFORMATION_FORMAT = "dwarf-with-dsym";
				ENABLE_NS_ASSERTIONS = NO;
				ENABLE_STRICT_OBJC_MSGSEND = YES;
				GCC_C_LANGUAGE_STANDARD = gnu11;
				GCC_NO_COMMON_BLOCKS = YES;
				GCC_WARN_64_TO_32_BIT_CONVERSION = YES;
				GCC_WARN_ABOUT_RETURN_TYPE = YES_ERROR;
				GCC_WARN_UNDECLARED_SELECTOR = YES;
				GCC_WARN_UNINITIALIZED_AUTOS = YES_AGGRESSIVE;
				GCC_WARN_UNUSED_FUNCTION = YES;
				GCC_WARN_UNUSED_VARIABLE = YES;
				IPHONEOS_DEPLOYMENT_TARGET = 15.5;
				MTL_ENABLE_DEBUG_INFO = NO;
				MTL_FAST_MATH = YES;
				SDKROOT = iphoneos;
				SWIFT_COMPILATION_MODE = wholemodule;
				SWIFT_OPTIMIZATION_LEVEL = "-O";
				VALIDATE_PRODUCT = YES;
			};
			name = Release;
		};
		DB2E9F9B29629517005AB366 /* Debug */ = {
			isa = XCBuildConfiguration;
			buildSettings = {
				ALWAYS_EMBED_SWIFT_STANDARD_LIBRARIES = YES;
				ASSETCATALOG_COMPILER_APPICON_NAME = AppIcon;
				ASSETCATALOG_COMPILER_GLOBAL_ACCENT_COLOR_NAME = AccentColor;
				CODE_SIGN_STYLE = Automatic;
				CURRENT_PROJECT_VERSION = 1;
				DEVELOPMENT_ASSET_PATHS = "\"Devote/Preview Content\"";
				DEVELOPMENT_TEAM = Y8Y75ZYA6Q;
				ENABLE_PREVIEWS = YES;
				GENERATE_INFOPLIST_FILE = YES;
				INFOPLIST_FILE = Devote/Info.plist;
				INFOPLIST_KEY_UIApplicationSceneManifest_Generation = YES;
				INFOPLIST_KEY_UIApplicationSupportsIndirectInputEvents = YES;
				INFOPLIST_KEY_UISupportedInterfaceOrientations = UIInterfaceOrientationPortrait;
				INFOPLIST_KEY_UISupportedInterfaceOrientations_iPad = "UIInterfaceOrientationPortrait UIInterfaceOrientationPortraitUpsideDown UIInterfaceOrientationLandscapeLeft UIInterfaceOrientationLandscapeRight";
				INFOPLIST_KEY_UISupportedInterfaceOrientations_iPhone = "UIInterfaceOrientationPortrait UIInterfaceOrientationLandscapeLeft UIInterfaceOrientationLandscapeRight";
				LD_RUNPATH_SEARCH_PATHS = (
					"$(inherited)",
					"@executable_path/Frameworks",
				);
				MARKETING_VERSION = 1.0;
				PRODUCT_BUNDLE_IDENTIFIER = com.ashish.Devote;
				PRODUCT_NAME = "$(TARGET_NAME)";
				SWIFT_EMIT_LOC_STRINGS = YES;
				SWIFT_VERSION = 5.0;
				TARGETED_DEVICE_FAMILY = "1,2";
			};
			name = Debug;
		};
		DB2E9F9C29629517005AB366 /* Release */ = {
			isa = XCBuildConfiguration;
			buildSettings = {
				ALWAYS_EMBED_SWIFT_STANDARD_LIBRARIES = YES;
				ASSETCATALOG_COMPILER_APPICON_NAME = AppIcon;
				ASSETCATALOG_COMPILER_GLOBAL_ACCENT_COLOR_NAME = AccentColor;
				CODE_SIGN_STYLE = Automatic;
				CURRENT_PROJECT_VERSION = 1;
				DEVELOPMENT_ASSET_PATHS = "\"Devote/Preview Content\"";
				DEVELOPMENT_TEAM = Y8Y75ZYA6Q;
				ENABLE_PREVIEWS = YES;
				GENERATE_INFOPLIST_FILE = YES;
				INFOPLIST_FILE = Devote/Info.plist;
				INFOPLIST_KEY_UIApplicationSceneManifest_Generation = YES;
				INFOPLIST_KEY_UIApplicationSupportsIndirectInputEvents = YES;
				INFOPLIST_KEY_UISupportedInterfaceOrientations = UIInterfaceOrientationPortrait;
				INFOPLIST_KEY_UISupportedInterfaceOrientations_iPad = "UIInterfaceOrientationPortrait UIInterfaceOrientationPortraitUpsideDown UIInterfaceOrientationLandscapeLeft UIInterfaceOrientationLandscapeRight";
				INFOPLIST_KEY_UISupportedInterfaceOrientations_iPhone = "UIInterfaceOrientationPortrait UIInterfaceOrientationLandscapeLeft UIInterfaceOrientationLandscapeRight";
				LD_RUNPATH_SEARCH_PATHS = (
					"$(inherited)",
					"@executable_path/Frameworks",
				);
				MARKETING_VERSION = 1.0;
				PRODUCT_BUNDLE_IDENTIFIER = com.ashish.Devote;
				PRODUCT_NAME = "$(TARGET_NAME)";
				SWIFT_EMIT_LOC_STRINGS = YES;
				SWIFT_VERSION = 5.0;
				TARGETED_DEVICE_FAMILY = "1,2";
			};
			name = Release;
		};
		DB991F6B29632DEC0081CB08 /* Debug */ = {
			isa = XCBuildConfiguration;
			buildSettings = {
				ASSETCATALOG_COMPILER_GLOBAL_ACCENT_COLOR_NAME = AccentColor;
				ASSETCATALOG_COMPILER_WIDGET_BACKGROUND_COLOR_NAME = WidgetBackground;
				CODE_SIGN_STYLE = Automatic;
				CURRENT_PROJECT_VERSION = 1;
				DEVELOPMENT_TEAM = Y8Y75ZYA6Q;
				GENERATE_INFOPLIST_FILE = YES;
				INFOPLIST_FILE = DevoteWidget/Info.plist;
				INFOPLIST_KEY_CFBundleDisplayName = DevoteWidget;
				INFOPLIST_KEY_NSHumanReadableCopyright = "";
				LD_RUNPATH_SEARCH_PATHS = (
					"$(inherited)",
					"@executable_path/Frameworks",
					"@executable_path/../../Frameworks",
				);
				MARKETING_VERSION = 1.0;
				PRODUCT_BUNDLE_IDENTIFIER = com.ashish.Devote.DevoteWidget;
				PRODUCT_NAME = "$(TARGET_NAME)";
				SKIP_INSTALL = YES;
				SWIFT_EMIT_LOC_STRINGS = YES;
				SWIFT_VERSION = 5.0;
				TARGETED_DEVICE_FAMILY = "1,2";
			};
			name = Debug;
		};
		DB991F6C29632DEC0081CB08 /* Release */ = {
			isa = XCBuildConfiguration;
			buildSettings = {
				ASSETCATALOG_COMPILER_GLOBAL_ACCENT_COLOR_NAME = AccentColor;
				ASSETCATALOG_COMPILER_WIDGET_BACKGROUND_COLOR_NAME = WidgetBackground;
				CODE_SIGN_STYLE = Automatic;
				CURRENT_PROJECT_VERSION = 1;
				DEVELOPMENT_TEAM = Y8Y75ZYA6Q;
				GENERATE_INFOPLIST_FILE = YES;
				INFOPLIST_FILE = DevoteWidget/Info.plist;
				INFOPLIST_KEY_CFBundleDisplayName = DevoteWidget;
				INFOPLIST_KEY_NSHumanReadableCopyright = "";
				LD_RUNPATH_SEARCH_PATHS = (
					"$(inherited)",
					"@executable_path/Frameworks",
					"@executable_path/../../Frameworks",
				);
				MARKETING_VERSION = 1.0;
				PRODUCT_BUNDLE_IDENTIFIER = com.ashish.Devote.DevoteWidget;
				PRODUCT_NAME = "$(TARGET_NAME)";
				SKIP_INSTALL = YES;
				SWIFT_EMIT_LOC_STRINGS = YES;
				SWIFT_VERSION = 5.0;
				TARGETED_DEVICE_FAMILY = "1,2";
			};
			name = Release;
		};
/* End XCBuildConfiguration section */

/* Begin XCConfigurationList section */
		DB2E9F8229629512005AB366 /* Build configuration list for PBXProject "Devote" */ = {
			isa = XCConfigurationList;
			buildConfigurations = (
				DB2E9F9829629517005AB366 /* Debug */,
				DB2E9F9929629517005AB366 /* Release */,
			);
			defaultConfigurationIsVisible = 0;
			defaultConfigurationName = Release;
		};
		DB2E9F9A29629517005AB366 /* Build configuration list for PBXNativeTarget "Devote" */ = {
			isa = XCConfigurationList;
			buildConfigurations = (
				DB2E9F9B29629517005AB366 /* Debug */,
				DB2E9F9C29629517005AB366 /* Release */,
			);
			defaultConfigurationIsVisible = 0;
			defaultConfigurationName = Release;
		};
		DB991F6D29632DEC0081CB08 /* Build configuration list for PBXNativeTarget "DevoteWidgetExtension" */ = {
			isa = XCConfigurationList;
			buildConfigurations = (
				DB991F6B29632DEC0081CB08 /* Debug */,
				DB991F6C29632DEC0081CB08 /* Release */,
			);
			defaultConfigurationIsVisible = 0;
			defaultConfigurationName = Release;
		};
/* End XCConfigurationList section */

/* Begin XCVersionGroup section */
		DB2E9F9529629517005AB366 /* Devote.xcdatamodeld */ = {
			isa = XCVersionGroup;
			children = (
				DB2E9F9629629517005AB366 /* Devote.xcdatamodel */,
			);
			currentVersion = DB2E9F9629629517005AB366 /* Devote.xcdatamodel */;
			path = Devote.xcdatamodeld;
			sourceTree = "<group>";
			versionGroupType = wrapper.xcdatamodel;
		};
/* End XCVersionGroup section */
	};
	rootObject = DB2E9F7F29629512005AB366 /* Project object */;
}
